
Microsoft Visual Studio Solution File, Format Version 12.00
# Visual Studio Version 16
VisualStudioVersion = 16.0.31025.194
MinimumVisualStudioVersion = 10.0.40219.1
Project("{FAE04EC0-301F-11D3-BF4B-00C04F79EFBC}") = "ATZ-Tech_MVC", "ATZ-Tech_MVC.csproj", "{6C524867-0934-4C1D-B812-A00C63E1ED54}"
EndProject
Global
	GlobalSection(SolutionConfigurationPlatforms) = preSolution
		Debug|Any CPU = Debug|Any CPU
		Release|Any CPU = Release|Any CPU
	EndGlobalSection
	GlobalSection(ProjectConfigurationPlatforms) = postSolution
		{6C524867-0934-4C1D-B812-A00C63E1ED54}.Debug|Any CPU.ActiveCfg = Debug|Any CPU
		{6C524867-0934-4C1D-B812-A00C63E1ED54}.Debug|Any CPU.Build.0 = Debug|Any CPU
		{6C524867-0934-4C1D-B812-A00C63E1ED54}.Release|Any CPU.ActiveCfg = Release|Any CPU
		{6C524867-0934-4C1D-B812-A00C63E1ED54}.Release|Any CPU.Build.0 = Release|Any CPU
	EndGlobalSection
	GlobalSection(SolutionProperties) = preSolution
		HideSolutionNode = FALSE
	EndGlobalSection
	GlobalSection(ExtensibilityGlobals) = postSolution
		SolutionGuid = {26489F0F-7FF4-429E-90F5-685AE471D9EB}
	EndGlobalSection
EndGlobal
